// !$*UTF8*$!
{
	archiveVersion = 1;
	classes = {
	};
	objectVersion = 46;
	objects = {

/* Begin PBXBuildFile section */
		AA7726B919A63ADB005A745C /* AppDelegate.swift in Sources */ = {isa = PBXBuildFile; fileRef = AA7726B819A63ADB005A745C /* AppDelegate.swift */; };
		AA7726BB19A63ADB005A745C /* ViewController.swift in Sources */ = {isa = PBXBuildFile; fileRef = AA7726BA19A63ADB005A745C /* ViewController.swift */; };
		AA7726BE19A63ADB005A745C /* Main.storyboard in Resources */ = {isa = PBXBuildFile; fileRef = AA7726BC19A63ADB005A745C /* Main.storyboard */; };
		AA7726C019A63ADB005A745C /* Images.xcassets in Resources */ = {isa = PBXBuildFile; fileRef = AA7726BF19A63ADB005A745C /* Images.xcassets */; };
		AA7726CC19A63ADC005A745C /* TableViewControllerTests.swift in Sources */ = {isa = PBXBuildFile; fileRef = AA7726CB19A63ADC005A745C /* TableViewControllerTests.swift */; };
/* End PBXBuildFile section */

/* Begin PBXContainerItemProxy section */
		AA7726C619A63ADB005A745C /* PBXContainerItemProxy */ = {
			isa = PBXContainerItemProxy;
			containerPortal = AA7726AB19A63ADB005A745C /* Project object */;
			proxyType = 1;
			remoteGlobalIDString = AA7726B219A63ADB005A745C;
			remoteInfo = TableViewController;
		};
/* End PBXContainerItemProxy section */

/* Begin PBXFileReference section */
		AA7726B319A63ADB005A745C /* TableViewController.app */ = {isa = PBXFileReference; explicitFileType = wrapper.application; includeInIndex = 0; path = TableViewController.app; sourceTree = BUILT_PRODUCTS_DIR; };
		AA7726B719A63ADB005A745C /* Info.plist */ = {isa = PBXFileReference; lastKnownFileType = text.plist.xml; path = Info.plist; sourceTree = "<group>"; };
		AA7726B819A63ADB005A745C /* AppDelegate.swift */ = {isa = PBXFileReference; lastKnownFileType = sourcecode.swift; path = AppDelegate.swift; sourceTree = "<group>"; };
		AA7726BA19A63ADB005A745C /* ViewController.swift */ = {isa = PBXFileReference; lastKnownFileType = sourcecode.swift; path = ViewController.swift; sourceTree = "<group>"; };
		AA7726BD19A63ADB005A745C /* Base */ = {isa = PBXFileReference; lastKnownFileType = file.storyboard; name = Base; path = Base.lproj/Main.storyboard; sourceTree = "<group>"; };
		AA7726BF19A63ADB005A745C /* Images.xcassets */ = {isa = PBXFileReference; lastKnownFileType = folder.assetcatalog; path = Images.xcassets; sourceTree = "<group>"; };
		AA7726C519A63ADB005A745C /* TableViewControllerTests.xctest */ = {isa = PBXFileReference; explicitFileType = wrapper.cfbundle; includeInIndex = 0; path = TableViewControllerTests.xctest; sourceTree = BUILT_PRODUCTS_DIR; };
		AA7726CA19A63ADB005A745C /* Info.plist */ = {isa = PBXFileReference; lastKnownFileType = text.plist.xml; path = Info.plist; sourceTree = "<group>"; };
		AA7726CB19A63ADC005A745C /* TableViewControllerTests.swift */ = {isa = PBXFileReference; lastKnownFileType = sourcecode.swift; path = TableViewControllerTests.swift; sourceTree = "<group>"; };
/* End PBXFileReference section */

/* Begin PBXFrameworksBuildPhase section */
		AA7726B019A63ADB005A745C /* Frameworks */ = {
			isa = PBXFrameworksBuildPhase;
			buildActionMask = 2147483647;
			files = (
			);
			runOnlyForDeploymentPostprocessing = 0;
		};
		AA7726C219A63ADB005A745C /* Frameworks */ = {
			isa = PBXFrameworksBuildPhase;
			buildActionMask = 2147483647;
			files = (
			);
			runOnlyForDeploymentPostprocessing = 0;
		};
/* End PBXFrameworksBuildPhase section */

/* Begin PBXGroup section */
		AA7726AA19A63ADB005A745C = {
			isa = PBXGroup;
			children = (
				AA7726B519A63ADB005A745C /* TableViewController */,
				AA7726C819A63ADB005A745C /* TableViewControllerTests */,
				AA7726B419A63ADB005A745C /* Products */,
			);
			sourceTree = "<group>";
		};
		AA7726B419A63ADB005A745C /* Products */ = {
			isa = PBXGroup;
			children = (
				AA7726B319A63ADB005A745C /* TableViewController.app */,
				AA7726C519A63ADB005A745C /* TableViewControllerTests.xctest */,
			);
			name = Products;
			sourceTree = "<group>";
		};
		AA7726B519A63ADB005A745C /* TableViewController */ = {
			isa = PBXGroup;
			children = (
				AA7726B819A63ADB005A745C /* AppDelegate.swift */,
				AA7726BA19A63ADB005A745C /* ViewController.swift */,
				AA7726BC19A63ADB005A745C /* Main.storyboard */,
				AA7726BF19A63ADB005A745C /* Images.xcassets */,
				AA7726B619A63ADB005A745C /* Supporting Files */,
			);
			path = TableViewController;
			sourceTree = "<group>";
		};
		AA7726B619A63ADB005A745C /* Supporting Files */ = {
			isa = PBXGroup;
			children = (
				AA7726B719A63ADB005A745C /* Info.plist */,
			);
			name = "Supporting Files";
			sourceTree = "<group>";
		};
		AA7726C819A63ADB005A745C /* TableViewControllerTests */ = {
			isa = PBXGroup;
			children = (
				AA7726CB19A63ADC005A745C /* TableViewControllerTests.swift */,
				AA7726C919A63ADB005A745C /* Supporting Files */,
			);
			path = TableViewControllerTests;
			sourceTree = "<group>";
		};
		AA7726C919A63ADB005A745C /* Supporting Files */ = {
			isa = PBXGroup;
			children = (
				AA7726CA19A63ADB005A745C /* Info.plist */,
			);
			name = "Supporting Files";
			sourceTree = "<group>";
		};
/* End PBXGroup section */

/* Begin PBXNativeTarget section */
		AA7726B219A63ADB005A745C /* TableViewController */ = {
			isa = PBXNativeTarget;
			buildConfigurationList = AA7726CF19A63ADC005A745C /* Build configuration list for PBXNativeTarget "TableViewController" */;
			buildPhases = (
				AA7726AF19A63ADB005A745C /* Sources */,
				AA7726B019A63ADB005A745C /* Frameworks */,
				AA7726B119A63ADB005A745C /* Resources */,
			);
			buildRules = (
			);
			dependencies = (
			);
			name = TableViewController;
			productName = TableViewController;
			productReference = AA7726B319A63ADB005A745C /* TableViewController.app */;
			productType = "com.apple.product-type.application";
		};
		AA7726C419A63ADB005A745C /* TableViewControllerTests */ = {
			isa = PBXNativeTarget;
			buildConfigurationList = AA7726D219A63ADC005A745C /* Build configuration list for PBXNativeTarget "TableViewControllerTests" */;
			buildPhases = (
				AA7726C119A63ADB005A745C /* Sources */,
				AA7726C219A63ADB005A745C /* Frameworks */,
				AA7726C319A63ADB005A745C /* Resources */,
			);
			buildRules = (
			);
			dependencies = (
				AA7726C719A63ADB005A745C /* PBXTargetDependency */,
			);
			name = TableViewControllerTests;
			productName = TableViewControllerTests;
			productReference = AA7726C519A63ADB005A745C /* TableViewControllerTests.xctest */;
			productType = "com.apple.product-type.bundle.unit-test";
		};
/* End PBXNativeTarget section */

/* Begin PBXProject section */
		AA7726AB19A63ADB005A745C /* Project object */ = {
			isa = PBXProject;
			attributes = {
				LastUpgradeCheck = 0600;
				ORGANIZATIONNAME = Hml;
				TargetAttributes = {
					AA7726B219A63ADB005A745C = {
						CreatedOnToolsVersion = 6.0;
					};
					AA7726C419A63ADB005A745C = {
						CreatedOnToolsVersion = 6.0;
						TestTargetID = AA7726B219A63ADB005A745C;
					};
				};
			};
			buildConfigurationList = AA7726AE19A63ADB005A745C /* Build configuration list for PBXProject "TableViewController" */;
			compatibilityVersion = "Xcode 3.2";
			developmentRegion = English;
			hasScannedForEncodings = 0;
			knownRegions = (
				en,
				Base,
			);
			mainGroup = AA7726AA19A63ADB005A745C;
			productRefGroup = AA7726B419A63ADB005A745C /* Products */;
			projectDirPath = "";
			projectRoot = "";
			targets = (
				AA7726B219A63ADB005A745C /* TableViewController */,
				AA7726C419A63ADB005A745C /* TableViewControllerTests */,
			);
		};
/* End PBXProject section */

/* Begin PBXResourcesBuildPhase section */
		AA7726B119A63ADB005A745C /* Resources */ = {
			isa = PBXResourcesBuildPhase;
			buildActionMask = 2147483647;
			files = (
				AA7726BE19A63ADB005A745C /* Main.storyboard in Resources */,
				AA7726C019A63ADB005A745C /* Images.xcassets in Resources */,
			);
			runOnlyForDeploymentPostprocessing = 0;
		};
		AA7726C319A63ADB005A745C /* Resources */ = {
			isa = PBXResourcesBuildPhase;
			buildActionMask = 2147483647;
			files = (
			);
			runOnlyForDeploymentPostprocessing = 0;
		};
/* End PBXResourcesBuildPhase section */

/* Begin PBXSourcesBuildPhase section */
		AA7726AF19A63ADB005A745C /* Sources */ = {
			isa = PBXSourcesBuildPhase;
			buildActionMask = 2147483647;
			files = (
				AA7726BB19A63ADB005A745C /* ViewController.swift in Sources */,
				AA7726B919A63ADB005A745C /* AppDelegate.swift in Sources */,
			);
			runOnlyForDeploymentPostprocessing = 0;
		};
		AA7726C119A63ADB005A745C /* Sources */ = {
			isa = PBXSourcesBuildPhase;
			buildActionMask = 2147483647;
			files = (
				AA7726CC19A63ADC005A745C /* TableViewControllerTests.swift in Sources */,
			);
			runOnlyForDeploymentPostprocessing = 0;
		};
/* End PBXSourcesBuildPhase section */

/* Begin PBXTargetDependency section */
		AA7726C719A63ADB005A745C /* PBXTargetDependency */ = {
			isa = PBXTargetDependency;
			target = AA7726B219A63ADB005A745C /* TableViewController */;
			targetProxy = AA7726C619A63ADB005A745C /* PBXContainerItemProxy */;
		};
/* End PBXTargetDependency section */

/* Begin PBXVariantGroup section */
		AA7726BC19A63ADB005A745C /* Main.storyboard */ = {
			isa = PBXVariantGroup;
			children = (
				AA7726BD19A63ADB005A745C /* Base */,
			);
			name = Main.storyboard;
			sourceTree = "<group>";
		};
/* End PBXVariantGroup section */

/* Begin XCBuildConfiguration section */
		AA7726CD19A63ADC005A745C /* Debug */ = {
			isa = XCBuildConfiguration;
			buildSettings = {
				ALWAYS_SEARCH_USER_PATHS = NO;
				CLANG_CXX_LANGUAGE_STANDARD = "gnu++0x";
				CLANG_CXX_LIBRARY = "libc++";
				CLANG_ENABLE_MODULES = YES;
				CLANG_ENABLE_OBJC_ARC = YES;
				CLANG_WARN_BOOL_CONVERSION = YES;
				CLANG_WARN_CONSTANT_CONVERSION = YES;
				CLANG_WARN_DIRECT_OBJC_ISA_USAGE = YES_ERROR;
				CLANG_WARN_EMPTY_BODY = YES;
				CLANG_WARN_ENUM_CONVERSION = YES;
				CLANG_WARN_INT_CONVERSION = YES;
				CLANG_WARN_OBJC_ROOT_CLASS = YES_ERROR;
				CLANG_WARN_UNREACHABLE_CODE = YES;
				CLANG_WARN__DUPLICATE_METHOD_MATCH = YES;
				"CODE_SIGN_IDENTITY[sdk=iphoneos*]" = "iPhone Developer";
				COPY_PHASE_STRIP = NO;
				ENABLE_STRICT_OBJC_MSGSEND = YES;
				GCC_C_LANGUAGE_STANDARD = gnu99;
				GCC_DYNAMIC_NO_PIC = NO;
				GCC_OPTIMIZATION_LEVEL = 0;
				GCC_PREPROCESSOR_DEFINITIONS = (
					"DEBUG=1",
					"$(inherited)",
				);
				GCC_SYMBOLS_PRIVATE_EXTERN = NO;
				GCC_WARN_64_TO_32_BIT_CONVERSION = YES;
				GCC_WARN_ABOUT_RETURN_TYPE = YES_ERROR;
				GCC_WARN_UNDECLARED_SELECTOR = YES;
				GCC_WARN_UNINITIALIZED_AUTOS = YES_AGGRESSIVE;
				GCC_WARN_UNUSED_FUNCTION = YES;
				GCC_WARN_UNUSED_VARIABLE = YES;
				IPHONEOS_DEPLOYMENT_TARGET = 8.0;
				METAL_ENABLE_DEBUG_INFO = YES;
				ONLY_ACTIVE_ARCH = YES;
				SDKROOT = iphoneos;
				SWIFT_OPTIMIZATION_LEVEL = "-Onone";
				TARGETED_DEVICE_FAMILY = 2;
			};
			name = Debug;
		};
		AA7726CE19A63ADC005A745C /* Release */ = {
			isa = XCBuildConfiguration;
			buildSettings = {
				ALWAYS_SEARCH_USER_PATHS = NO;
				CLANG_CXX_LANGUAGE_STANDARD = "gnu++0x";
				CLANG_CXX_LIBRARY = "libc++";
				CLANG_ENABLE_MODULES = YES;
				CLANG_ENABLE_OBJC_ARC = YES;
				CLANG_WARN_BOOL_CONVERSION = YES;
				CLANG_WARN_CONSTANT_CONVERSION = YES;
				CLANG_WARN_DIRECT_OBJC_ISA_USAGE = YES_ERROR;
				CLANG_WARN_EMPTY_BODY = YES;
				CLANG_WARN_ENUM_CONVERSION = YES;
				CLANG_WARN_INT_CONVERSION = YES;
				CLANG_WARN_OBJC_ROOT_CLASS = YES_ERROR;
				CLANG_WARN_UNREACHABLE_CODE = YES;
				CLANG_WARN__DUPLICATE_METHOD_MATCH = YES;
				"CODE_SIGN_IDENTITY[sdk=iphoneos*]" = "iPhone Developer";
				COPY_PHASE_STRIP = YES;
				ENABLE_NS_ASSERTIONS = NO;
				ENABLE_STRICT_OBJC_MSGSEND = YES;
				GCC_C_LANGUAGE_STANDARD = gnu99;
				GCC_WARN_64_TO_32_BIT_CONVERSION = YES;
				GCC_WARN_ABOUT_RETURN_TYPE = YES_ERROR;
				GCC_WARN_UNDECLARED_SELECTOR = YES;
				GCC_WARN_UNINITIALIZED_AUTOS = YES_AGGRESSIVE;
				GCC_WARN_UNUSED_FUNCTION = YES;
				GCC_WARN_UNUSED_VARIABLE = YES;
				IPHONEOS_DEPLOYMENT_TARGET = 8.0;
				METAL_ENABLE_DEBUG_INFO = NO;
				SDKROOT = iphoneos;
				TARGETED_DEVICE_FAMILY = 2;
				VALIDATE_PRODUCT = YES;
			};
			name = Release;
		};
		AA7726D019A63ADC005A745C /* Debug */ = {
			isa = XCBuildConfiguration;
			buildSettings = {
				ASSETCATALOG_COMPILER_APPICON_NAME = AppIcon;
				ASSETCATALOG_COMPILER_LAUNCHIMAGE_NAME = LaunchImage;
				INFOPLIST_FILE = TableViewController/Info.plist;
				LD_RUNPATH_SEARCH_PATHS = "$(inherited) @executable_path/Frameworks";
				PRODUCT_NAME = "$(TARGET_NAME)";
			};
			name = Debug;
		};
		AA7726D119A63ADC005A745C /* Release */ = {
			isa = XCBuildConfiguration;
			buildSettings = {
				ASSETCATALOG_COMPILER_APPICON_NAME = AppIcon;
				ASSETCATALOG_COMPILER_LAUNCHIMAGE_NAME = LaunchImage;
				INFOPLIST_FILE = TableViewController/Info.plist;
				LD_RUNPATH_SEARCH_PATHS = "$(inherited) @executable_path/Frameworks";
				PRODUCT_NAME = "$(TARGET_NAME)";
			};
			name = Release;
		};
		AA7726D319A63ADC005A745C /* Debug */ = {
			isa = XCBuildConfiguration;
			buildSettings = {
				BUNDLE_LOADER = "$(BUILT_PRODUCTS_DIR)/TableViewController.app/TableViewController";
				FRAMEWORK_SEARCH_PATHS = (
					"$(SDKROOT)/Developer/Library/Frameworks",
					"$(inherited)",
				);
				GCC_PREPROCESSOR_DEFINITIONS = (
					"DEBUG=1",
					"$(inherited)",
				);
				INFOPLIST_FILE = TableViewControllerTests/Info.plist;
				LD_RUNPATH_SEARCH_PATHS = "$(inherited) @executable_path/Frameworks @loader_path/Frameworks";
				METAL_ENABLE_DEBUG_INFO = YES;
				PRODUCT_NAME = "$(TARGET_NAME)";
				TEST_HOST = "$(BUNDLE_LOADER)";
			};
			name = Debug;
		};
		AA7726D419A63ADC005A745C /* Release */ = {
			isa = XCBuildConfiguration;
			buildSettings = {
				BUNDLE_LOADER = "$(BUILT_PRODUCTS_DIR)/TableViewController.app/TableViewController";
				FRAMEWORK_SEARCH_PATHS = (
					"$(SDKROOT)/Developer/Library/Frameworks",
					"$(inherited)",
				);
				INFOPLIST_FILE = TableViewControllerTests/Info.plist;
				LD_RUNPATH_SEARCH_PATHS = "$(inherited) @executable_path/Frameworks @loader_path/Frameworks";
				METAL_ENABLE_DEBUG_INFO = NO;
				PRODUCT_NAME = "$(TARGET_NAME)";
				TEST_HOST = "$(BUNDLE_LOADER)";
			};
			name = Release;
		};
/* End XCBuildConfiguration section */

/* Begin XCConfigurationList section */
		AA7726AE19A63ADB005A745C /* Build configuration list for PBXProject "TableViewController" */ = {
			isa = XCConfigurationList;
			buildConfigurations = (
				AA7726CD19A63ADC005A745C /* Debug */,
				AA7726CE19A63ADC005A745C /* Release */,
			);
			defaultConfigurationIsVisible = 0;
			defaultConfigurationName = Release;
		};
		AA7726CF19A63ADC005A745C /* Build configuration list for PBXNativeTarget "TableViewController" */ = {
			isa = XCConfigurationList;
			buildConfigurations = (
				AA7726D019A63ADC005A745C /* Debug */,
				AA7726D119A63ADC005A745C /* Release */,
			);
			defaultConfigurationIsVisible = 0;
		};
		AA7726D219A63ADC005A745C /* Build configuration list for PBXNativeTarget "TableViewControllerTests" */ = {
			isa = XCConfigurationList;
			buildConfigurations = (
				AA7726D319A63ADC005A745C /* Debug */,
				AA7726D419A63ADC005A745C /* Release */,
			);
			defaultConfigurationIsVisible = 0;
		};
/* End XCConfigurationList section */
	};
	rootObject = AA7726AB19A63ADB005A745C /* Project object */;
}
